
Microsoft Visual Studio Solution File, Format Version 12.00
# Visual Studio Version 17
VisualStudioVersion = 17.6.33723.286
MinimumVisualStudioVersion = 10.0.40219.1
Project("{FAE04EC0-301F-11D3-BF4B-00C04F79EFBC}") = "prk_25", "prk_25\prk_25.csproj", "{D754266B-AF5C-436A-8FDA-73CDB7136D7B}"
EndProject
Global
	GlobalSection(SolutionConfigurationPlatforms) = preSolution
		Debug|Any CPU = Debug|Any CPU
		Release|Any CPU = Release|Any CPU
	EndGlobalSection
	GlobalSection(ProjectConfigurationPlatforms) = postSolution
		{D754266B-AF5C-436A-8FDA-73CDB7136D7B}.Debug|Any CPU.ActiveCfg = Debug|Any CPU
		{D754266B-AF5C-436A-8FDA-73CDB7136D7B}.Debug|Any CPU.Build.0 = Debug|Any CPU
		{D754266B-AF5C-436A-8FDA-73CDB7136D7B}.Release|Any CPU.ActiveCfg = Release|Any CPU
		{D754266B-AF5C-436A-8FDA-73CDB7136D7B}.Release|Any CPU.Build.0 = Release|Any CPU
	EndGlobalSection
	GlobalSection(SolutionProperties) = preSolution
		HideSolutionNode = FALSE
	EndGlobalSection
	GlobalSection(ExtensibilityGlobals) = postSolution
		SolutionGuid = {A7865277-C389-4D0D-A10F-590BA61C984C}
	EndGlobalSection
EndGlobal
